
Microsoft Visual Studio Solution File, Format Version 12.00
# Visual Studio Version 17
VisualStudioVersion = 17.6.33723.286
MinimumVisualStudioVersion = 10.0.40219.1
Project("{9A19103F-16F7-4668-BE54-9A1E7A4F7556}") = "LexicalAnalyzerUI", "LexicalAnalyzerUI\LexicalAnalyzerUI.csproj", "{291FDB76-657A-4960-A603-E398D66FE69C}"
EndProject
Project("{9A19103F-16F7-4668-BE54-9A1E7A4F7556}") = "LexicalAnalyzer", "LexicalAnalyzer\LexicalAnalyzer.csproj", "{E4B3D7BD-D1A0-47A7-BE68-1E8C05BD3F33}"
EndProject
Project("{FAE04EC0-301F-11D3-BF4B-00C04F79EFBC}") = "LexicalAnalyzerTests", "LexicalAnalyzerTests\LexicalAnalyzerTests.csproj", "{33E61E0F-F26F-42A4-A6A3-CEF41A224B04}"
EndProject
Global
	GlobalSection(SolutionConfigurationPlatforms) = preSolution
		Debug|Any CPU = Debug|Any CPU
		Release|Any CPU = Release|Any CPU
	EndGlobalSection
	GlobalSection(ProjectConfigurationPlatforms) = postSolution
		{291FDB76-657A-4960-A603-E398D66FE69C}.Debug|Any CPU.ActiveCfg = Debug|Any CPU
		{291FDB76-657A-4960-A603-E398D66FE69C}.Debug|Any CPU.Build.0 = Debug|Any CPU
		{291FDB76-657A-4960-A603-E398D66FE69C}.Release|Any CPU.ActiveCfg = Release|Any CPU
		{291FDB76-657A-4960-A603-E398D66FE69C}.Release|Any CPU.Build.0 = Release|Any CPU
		{E4B3D7BD-D1A0-47A7-BE68-1E8C05BD3F33}.Debug|Any CPU.ActiveCfg = Debug|Any CPU
		{E4B3D7BD-D1A0-47A7-BE68-1E8C05BD3F33}.Debug|Any CPU.Build.0 = Debug|Any CPU
		{E4B3D7BD-D1A0-47A7-BE68-1E8C05BD3F33}.Release|Any CPU.ActiveCfg = Release|Any CPU
		{E4B3D7BD-D1A0-47A7-BE68-1E8C05BD3F33}.Release|Any CPU.Build.0 = Release|Any CPU
		{33E61E0F-F26F-42A4-A6A3-CEF41A224B04}.Debug|Any CPU.ActiveCfg = Debug|Any CPU
		{33E61E0F-F26F-42A4-A6A3-CEF41A224B04}.Debug|Any CPU.Build.0 = Debug|Any CPU
		{33E61E0F-F26F-42A4-A6A3-CEF41A224B04}.Release|Any CPU.ActiveCfg = Release|Any CPU
		{33E61E0F-F26F-42A4-A6A3-CEF41A224B04}.Release|Any CPU.Build.0 = Release|Any CPU
	EndGlobalSection
	GlobalSection(SolutionProperties) = preSolution
		HideSolutionNode = FALSE
	EndGlobalSection
	GlobalSection(ExtensibilityGlobals) = postSolution
		SolutionGuid = {D106A7AF-AD12-4C5E-8221-5B6D70A40D5F}
	EndGlobalSection
EndGlobal
